// !$*UTF8*$!
{
	archiveVersion = 1;
	classes = {
	};
	objectVersion = 56;
	objects = {

/* Begin PBXBuildFile section */
		9F6417E52AED3CB0009C8C72 /* AppDelegate.swift in Sources */ = {isa = PBXBuildFile; fileRef = 9F6417E42AED3CB0009C8C72 /* AppDelegate.swift */; };
		9F6417E72AED3CB0009C8C72 /* SceneDelegate.swift in Sources */ = {isa = PBXBuildFile; fileRef = 9F6417E62AED3CB0009C8C72 /* SceneDelegate.swift */; };
		9F6417E92AED3CB0009C8C72 /* ViewController.swift in Sources */ = {isa = PBXBuildFile; fileRef = 9F6417E82AED3CB0009C8C72 /* ViewController.swift */; };
		9F6417EC2AED3CB0009C8C72 /* Main.storyboard in Resources */ = {isa = PBXBuildFile; fileRef = 9F6417EA2AED3CB0009C8C72 /* Main.storyboard */; };
		9F6417EF2AED3CB0009C8C72 /* todayMovie.xcdatamodeld in Sources */ = {isa = PBXBuildFile; fileRef = 9F6417ED2AED3CB0009C8C72 /* todayMovie.xcdatamodeld */; };
		9F6417F12AED3CB1009C8C72 /* Assets.xcassets in Resources */ = {isa = PBXBuildFile; fileRef = 9F6417F02AED3CB1009C8C72 /* Assets.xcassets */; };
		9F6418182AEEA650009C8C72 /* URLSession.swift in Sources */ = {isa = PBXBuildFile; fileRef = 9F6418172AEEA650009C8C72 /* URLSession.swift */; };
		9F6D46DE2AF16710001C2186 /* DecodeData.swift in Sources */ = {isa = PBXBuildFile; fileRef = 9F6D46DD2AF16710001C2186 /* DecodeData.swift */; };
/* End PBXBuildFile section */

/* Begin PBXContainerItemProxy section */
		9F6417FB2AED3CB1009C8C72 /* PBXContainerItemProxy */ = {
			isa = PBXContainerItemProxy;
			containerPortal = 9F6417D92AED3CB0009C8C72 /* Project object */;
			proxyType = 1;
			remoteGlobalIDString = 9F6417E02AED3CB0009C8C72;
			remoteInfo = todayMovie;
		};
		9F6418052AED3CB1009C8C72 /* PBXContainerItemProxy */ = {
			isa = PBXContainerItemProxy;
			containerPortal = 9F6417D92AED3CB0009C8C72 /* Project object */;
			proxyType = 1;
			remoteGlobalIDString = 9F6417E02AED3CB0009C8C72;
			remoteInfo = todayMovie;
		};
/* End PBXContainerItemProxy section */

/* Begin PBXFileReference section */
		9F6417E12AED3CB0009C8C72 /* todayMovie.app */ = {isa = PBXFileReference; explicitFileType = wrapper.application; includeInIndex = 0; path = todayMovie.app; sourceTree = BUILT_PRODUCTS_DIR; };
		9F6417E42AED3CB0009C8C72 /* AppDelegate.swift */ = {isa = PBXFileReference; lastKnownFileType = sourcecode.swift; path = AppDelegate.swift; sourceTree = "<group>"; };
		9F6417E62AED3CB0009C8C72 /* SceneDelegate.swift */ = {isa = PBXFileReference; lastKnownFileType = sourcecode.swift; path = SceneDelegate.swift; sourceTree = "<group>"; };
		9F6417E82AED3CB0009C8C72 /* ViewController.swift */ = {isa = PBXFileReference; lastKnownFileType = sourcecode.swift; path = ViewController.swift; sourceTree = "<group>"; };
		9F6417EB2AED3CB0009C8C72 /* Base */ = {isa = PBXFileReference; lastKnownFileType = file.storyboard; name = Base; path = Base.lproj/Main.storyboard; sourceTree = "<group>"; };
		9F6417EE2AED3CB0009C8C72 /* todayMovie.xcdatamodel */ = {isa = PBXFileReference; lastKnownFileType = wrapper.xcdatamodel; path = todayMovie.xcdatamodel; sourceTree = "<group>"; };
		9F6417F02AED3CB1009C8C72 /* Assets.xcassets */ = {isa = PBXFileReference; lastKnownFileType = folder.assetcatalog; path = Assets.xcassets; sourceTree = "<group>"; };
		9F6417F52AED3CB1009C8C72 /* Info.plist */ = {isa = PBXFileReference; lastKnownFileType = text.plist.xml; path = Info.plist; sourceTree = "<group>"; };
		9F6417FA2AED3CB1009C8C72 /* todayMovieTests.xctest */ = {isa = PBXFileReference; explicitFileType = wrapper.cfbundle; includeInIndex = 0; path = todayMovieTests.xctest; sourceTree = BUILT_PRODUCTS_DIR; };
		9F6418042AED3CB1009C8C72 /* todayMovieUITests.xctest */ = {isa = PBXFileReference; explicitFileType = wrapper.cfbundle; includeInIndex = 0; path = todayMovieUITests.xctest; sourceTree = BUILT_PRODUCTS_DIR; };
		9F6418172AEEA650009C8C72 /* URLSession.swift */ = {isa = PBXFileReference; lastKnownFileType = sourcecode.swift; path = URLSession.swift; sourceTree = "<group>"; };
		9F6D46DD2AF16710001C2186 /* DecodeData.swift */ = {isa = PBXFileReference; lastKnownFileType = sourcecode.swift; path = DecodeData.swift; sourceTree = "<group>"; };
/* End PBXFileReference section */

/* Begin PBXFrameworksBuildPhase section */
		9F6417DE2AED3CB0009C8C72 /* Frameworks */ = {
			isa = PBXFrameworksBuildPhase;
			buildActionMask = 2147483647;
			files = (
			);
			runOnlyForDeploymentPostprocessing = 0;
		};
		9F6417F72AED3CB1009C8C72 /* Frameworks */ = {
			isa = PBXFrameworksBuildPhase;
			buildActionMask = 2147483647;
			files = (
			);
			runOnlyForDeploymentPostprocessing = 0;
		};
		9F6418012AED3CB1009C8C72 /* Frameworks */ = {
			isa = PBXFrameworksBuildPhase;
			buildActionMask = 2147483647;
			files = (
			);
			runOnlyForDeploymentPostprocessing = 0;
		};
/* End PBXFrameworksBuildPhase section */

/* Begin PBXGroup section */
		9F6417D82AED3CB0009C8C72 = {
			isa = PBXGroup;
			children = (
				9F6417E32AED3CB0009C8C72 /* todayMovie */,
				9F6417E22AED3CB0009C8C72 /* Products */,
			);
			sourceTree = "<group>";
		};
		9F6417E22AED3CB0009C8C72 /* Products */ = {
			isa = PBXGroup;
			children = (
				9F6417E12AED3CB0009C8C72 /* todayMovie.app */,
				9F6417FA2AED3CB1009C8C72 /* todayMovieTests.xctest */,
				9F6418042AED3CB1009C8C72 /* todayMovieUITests.xctest */,
			);
			name = Products;
			sourceTree = "<group>";
		};
		9F6417E32AED3CB0009C8C72 /* todayMovie */ = {
			isa = PBXGroup;
			children = (
				9F6D46DC2AF1659C001C2186 /* Network */,
				9F6417E42AED3CB0009C8C72 /* AppDelegate.swift */,
				9F6417E62AED3CB0009C8C72 /* SceneDelegate.swift */,
				9F6417E82AED3CB0009C8C72 /* ViewController.swift */,
				9F6417EA2AED3CB0009C8C72 /* Main.storyboard */,
				9F6417F02AED3CB1009C8C72 /* Assets.xcassets */,
				9F6417F52AED3CB1009C8C72 /* Info.plist */,
				9F6417ED2AED3CB0009C8C72 /* todayMovie.xcdatamodeld */,
			);
			path = todayMovie;
			sourceTree = "<group>";
		};
		9F6D46DC2AF1659C001C2186 /* Network */ = {
			isa = PBXGroup;
			children = (
				9F6418172AEEA650009C8C72 /* URLSession.swift */,
				9F6D46DD2AF16710001C2186 /* DecodeData.swift */,
			);
			path = Network;
			sourceTree = "<group>";
		};
/* End PBXGroup section */

/* Begin PBXNativeTarget section */
		9F6417E02AED3CB0009C8C72 /* todayMovie */ = {
			isa = PBXNativeTarget;
			buildConfigurationList = 9F64180E2AED3CB1009C8C72 /* Build configuration list for PBXNativeTarget "todayMovie" */;
			buildPhases = (
				9F6417DD2AED3CB0009C8C72 /* Sources */,
				9F6417DE2AED3CB0009C8C72 /* Frameworks */,
				9F6417DF2AED3CB0009C8C72 /* Resources */,
			);
			buildRules = (
			);
			dependencies = (
			);
			name = todayMovie;
			productName = todayMovie;
			productReference = 9F6417E12AED3CB0009C8C72 /* todayMovie.app */;
			productType = "com.apple.product-type.application";
		};
		9F6417F92AED3CB1009C8C72 /* todayMovieTests */ = {
			isa = PBXNativeTarget;
			buildConfigurationList = 9F6418112AED3CB1009C8C72 /* Build configuration list for PBXNativeTarget "todayMovieTests" */;
			buildPhases = (
				9F6417F62AED3CB1009C8C72 /* Sources */,
				9F6417F72AED3CB1009C8C72 /* Frameworks */,
				9F6417F82AED3CB1009C8C72 /* Resources */,
			);
			buildRules = (
			);
			dependencies = (
				9F6417FC2AED3CB1009C8C72 /* PBXTargetDependency */,
			);
			name = todayMovieTests;
			productName = todayMovieTests;
			productReference = 9F6417FA2AED3CB1009C8C72 /* todayMovieTests.xctest */;
			productType = "com.apple.product-type.bundle.unit-test";
		};
		9F6418032AED3CB1009C8C72 /* todayMovieUITests */ = {
			isa = PBXNativeTarget;
			buildConfigurationList = 9F6418142AED3CB1009C8C72 /* Build configuration list for PBXNativeTarget "todayMovieUITests" */;
			buildPhases = (
				9F6418002AED3CB1009C8C72 /* Sources */,
				9F6418012AED3CB1009C8C72 /* Frameworks */,
				9F6418022AED3CB1009C8C72 /* Resources */,
			);
			buildRules = (
			);
			dependencies = (
				9F6418062AED3CB1009C8C72 /* PBXTargetDependency */,
			);
			name = todayMovieUITests;
			productName = todayMovieUITests;
			productReference = 9F6418042AED3CB1009C8C72 /* todayMovieUITests.xctest */;
			productType = "com.apple.product-type.bundle.ui-testing";
		};
/* End PBXNativeTarget section */

/* Begin PBXProject section */
		9F6417D92AED3CB0009C8C72 /* Project object */ = {
			isa = PBXProject;
			attributes = {
				BuildIndependentTargetsInParallel = 1;
				LastSwiftUpdateCheck = 1420;
				LastUpgradeCheck = 1420;
				TargetAttributes = {
					9F6417E02AED3CB0009C8C72 = {
						CreatedOnToolsVersion = 14.2;
					};
					9F6417F92AED3CB1009C8C72 = {
						CreatedOnToolsVersion = 14.2;
						TestTargetID = 9F6417E02AED3CB0009C8C72;
					};
					9F6418032AED3CB1009C8C72 = {
						CreatedOnToolsVersion = 14.2;
						TestTargetID = 9F6417E02AED3CB0009C8C72;
					};
				};
			};
			buildConfigurationList = 9F6417DC2AED3CB0009C8C72 /* Build configuration list for PBXProject "todayMovie" */;
			compatibilityVersion = "Xcode 14.0";
			developmentRegion = en;
			hasScannedForEncodings = 0;
			knownRegions = (
				en,
				Base,
			);
			mainGroup = 9F6417D82AED3CB0009C8C72;
			productRefGroup = 9F6417E22AED3CB0009C8C72 /* Products */;
			projectDirPath = "";
			projectRoot = "";
			targets = (
				9F6417E02AED3CB0009C8C72 /* todayMovie */,
				9F6417F92AED3CB1009C8C72 /* todayMovieTests */,
				9F6418032AED3CB1009C8C72 /* todayMovieUITests */,
			);
		};
/* End PBXProject section */

/* Begin PBXResourcesBuildPhase section */
		9F6417DF2AED3CB0009C8C72 /* Resources */ = {
			isa = PBXResourcesBuildPhase;
			buildActionMask = 2147483647;
			files = (
				9F6417F12AED3CB1009C8C72 /* Assets.xcassets in Resources */,
				9F6417EC2AED3CB0009C8C72 /* Main.storyboard in Resources */,
			);
			runOnlyForDeploymentPostprocessing = 0;
		};
		9F6417F82AED3CB1009C8C72 /* Resources */ = {
			isa = PBXResourcesBuildPhase;
			buildActionMask = 2147483647;
			files = (
			);
			runOnlyForDeploymentPostprocessing = 0;
		};
		9F6418022AED3CB1009C8C72 /* Resources */ = {
			isa = PBXResourcesBuildPhase;
			buildActionMask = 2147483647;
			files = (
			);
			runOnlyForDeploymentPostprocessing = 0;
		};
/* End PBXResourcesBuildPhase section */

/* Begin PBXSourcesBuildPhase section */
		9F6417DD2AED3CB0009C8C72 /* Sources */ = {
			isa = PBXSourcesBuildPhase;
			buildActionMask = 2147483647;
			files = (
				9F6417EF2AED3CB0009C8C72 /* todayMovie.xcdatamodeld in Sources */,
				9F6D46DE2AF16710001C2186 /* DecodeData.swift in Sources */,
				9F6417E92AED3CB0009C8C72 /* ViewController.swift in Sources */,
				9F6418182AEEA650009C8C72 /* URLSession.swift in Sources */,
				9F6417E52AED3CB0009C8C72 /* AppDelegate.swift in Sources */,
				9F6417E72AED3CB0009C8C72 /* SceneDelegate.swift in Sources */,
			);
			runOnlyForDeploymentPostprocessing = 0;
		};
		9F6417F62AED3CB1009C8C72 /* Sources */ = {
			isa = PBXSourcesBuildPhase;
			buildActionMask = 2147483647;
			files = (
			);
			runOnlyForDeploymentPostprocessing = 0;
		};
		9F6418002AED3CB1009C8C72 /* Sources */ = {
			isa = PBXSourcesBuildPhase;
			buildActionMask = 2147483647;
			files = (
			);
			runOnlyForDeploymentPostprocessing = 0;
		};
/* End PBXSourcesBuildPhase section */

/* Begin PBXTargetDependency section */
		9F6417FC2AED3CB1009C8C72 /* PBXTargetDependency */ = {
			isa = PBXTargetDependency;
			target = 9F6417E02AED3CB0009C8C72 /* todayMovie */;
			targetProxy = 9F6417FB2AED3CB1009C8C72 /* PBXContainerItemProxy */;
		};
		9F6418062AED3CB1009C8C72 /* PBXTargetDependency */ = {
			isa = PBXTargetDependency;
			target = 9F6417E02AED3CB0009C8C72 /* todayMovie */;
			targetProxy = 9F6418052AED3CB1009C8C72 /* PBXContainerItemProxy */;
		};
/* End PBXTargetDependency section */

/* Begin PBXVariantGroup section */
		9F6417EA2AED3CB0009C8C72 /* Main.storyboard */ = {
			isa = PBXVariantGroup;
			children = (
				9F6417EB2AED3CB0009C8C72 /* Base */,
			);
			name = Main.storyboard;
			sourceTree = "<group>";
		};
/* End PBXVariantGroup section */

/* Begin XCBuildConfiguration section */
		9F64180C2AED3CB1009C8C72 /* Debug */ = {
			isa = XCBuildConfiguration;
			buildSettings = {
				ALWAYS_SEARCH_USER_PATHS = NO;
				CLANG_ANALYZER_NONNULL = YES;
				CLANG_ANALYZER_NUMBER_OBJECT_CONVERSION = YES_AGGRESSIVE;
				CLANG_CXX_LANGUAGE_STANDARD = "gnu++20";
				CLANG_ENABLE_MODULES = YES;
				CLANG_ENABLE_OBJC_ARC = YES;
				CLANG_ENABLE_OBJC_WEAK = YES;
				CLANG_WARN_BLOCK_CAPTURE_AUTORELEASING = YES;
				CLANG_WARN_BOOL_CONVERSION = YES;
				CLANG_WARN_COMMA = YES;
				CLANG_WARN_CONSTANT_CONVERSION = YES;
				CLANG_WARN_DEPRECATED_OBJC_IMPLEMENTATIONS = YES;
				CLANG_WARN_DIRECT_OBJC_ISA_USAGE = YES_ERROR;
				CLANG_WARN_DOCUMENTATION_COMMENTS = YES;
				CLANG_WARN_EMPTY_BODY = YES;
				CLANG_WARN_ENUM_CONVERSION = YES;
				CLANG_WARN_INFINITE_RECURSION = YES;
				CLANG_WARN_INT_CONVERSION = YES;
				CLANG_WARN_NON_LITERAL_NULL_CONVERSION = YES;
				CLANG_WARN_OBJC_IMPLICIT_RETAIN_SELF = YES;
				CLANG_WARN_OBJC_LITERAL_CONVERSION = YES;
				CLANG_WARN_OBJC_ROOT_CLASS = YES_ERROR;
				CLANG_WARN_QUOTED_INCLUDE_IN_FRAMEWORK_HEADER = YES;
				CLANG_WARN_RANGE_LOOP_ANALYSIS = YES;
				CLANG_WARN_STRICT_PROTOTYPES = YES;
				CLANG_WARN_SUSPICIOUS_MOVE = YES;
				CLANG_WARN_UNGUARDED_AVAILABILITY = YES_AGGRESSIVE;
				CLANG_WARN_UNREACHABLE_CODE = YES;
				CLANG_WARN__DUPLICATE_METHOD_MATCH = YES;
				COPY_PHASE_STRIP = NO;
				DEBUG_INFORMATION_FORMAT = dwarf;
				ENABLE_STRICT_OBJC_MSGSEND = YES;
				ENABLE_TESTABILITY = YES;
				GCC_C_LANGUAGE_STANDARD = gnu11;
				GCC_DYNAMIC_NO_PIC = NO;
				GCC_NO_COMMON_BLOCKS = YES;
				GCC_OPTIMIZATION_LEVEL = 0;
				GCC_PREPROCESSOR_DEFINITIONS = (
					"DEBUG=1",
					"$(inherited)",
				);
				GCC_WARN_64_TO_32_BIT_CONVERSION = YES;
				GCC_WARN_ABOUT_RETURN_TYPE = YES_ERROR;
				GCC_WARN_UNDECLARED_SELECTOR = YES;
				GCC_WARN_UNINITIALIZED_AUTOS = YES_AGGRESSIVE;
				GCC_WARN_UNUSED_FUNCTION = YES;
				GCC_WARN_UNUSED_VARIABLE = YES;
				IPHONEOS_DEPLOYMENT_TARGET = 16.2;
				MTL_ENABLE_DEBUG_INFO = INCLUDE_SOURCE;
				MTL_FAST_MATH = YES;
				ONLY_ACTIVE_ARCH = YES;
				SDKROOT = iphoneos;
				SWIFT_ACTIVE_COMPILATION_CONDITIONS = DEBUG;
				SWIFT_OPTIMIZATION_LEVEL = "-Onone";
			};
			name = Debug;
		};
		9F64180D2AED3CB1009C8C72 /* Release */ = {
			isa = XCBuildConfiguration;
			buildSettings = {
				ALWAYS_SEARCH_USER_PATHS = NO;
				CLANG_ANALYZER_NONNULL = YES;
				CLANG_ANALYZER_NUMBER_OBJECT_CONVERSION = YES_AGGRESSIVE;
				CLANG_CXX_LANGUAGE_STANDARD = "gnu++20";
				CLANG_ENABLE_MODULES = YES;
				CLANG_ENABLE_OBJC_ARC = YES;
				CLANG_ENABLE_OBJC_WEAK = YES;
				CLANG_WARN_BLOCK_CAPTURE_AUTORELEASING = YES;
				CLANG_WARN_BOOL_CONVERSION = YES;
				CLANG_WARN_COMMA = YES;
				CLANG_WARN_CONSTANT_CONVERSION = YES;
				CLANG_WARN_DEPRECATED_OBJC_IMPLEMENTATIONS = YES;
				CLANG_WARN_DIRECT_OBJC_ISA_USAGE = YES_ERROR;
				CLANG_WARN_DOCUMENTATION_COMMENTS = YES;
				CLANG_WARN_EMPTY_BODY = YES;
				CLANG_WARN_ENUM_CONVERSION = YES;
				CLANG_WARN_INFINITE_RECURSION = YES;
				CLANG_WARN_INT_CONVERSION = YES;
				CLANG_WARN_NON_LITERAL_NULL_CONVERSION = YES;
				CLANG_WARN_OBJC_IMPLICIT_RETAIN_SELF = YES;
				CLANG_WARN_OBJC_LITERAL_CONVERSION = YES;
				CLANG_WARN_OBJC_ROOT_CLASS = YES_ERROR;
				CLANG_WARN_QUOTED_INCLUDE_IN_FRAMEWORK_HEADER = YES;
				CLANG_WARN_RANGE_LOOP_ANALYSIS = YES;
				CLANG_WARN_STRICT_PROTOTYPES = YES;
				CLANG_WARN_SUSPICIOUS_MOVE = YES;
				CLANG_WARN_UNGUARDED_AVAILABILITY = YES_AGGRESSIVE;
				CLANG_WARN_UNREACHABLE_CODE = YES;
				CLANG_WARN__DUPLICATE_METHOD_MATCH = YES;
				COPY_PHASE_STRIP = NO;
				DEBUG_INFORMATION_FORMAT = "dwarf-with-dsym";
				ENABLE_NS_ASSERTIONS = NO;
				ENABLE_STRICT_OBJC_MSGSEND = YES;
				GCC_C_LANGUAGE_STANDARD = gnu11;
				GCC_NO_COMMON_BLOCKS = YES;
				GCC_WARN_64_TO_32_BIT_CONVERSION = YES;
				GCC_WARN_ABOUT_RETURN_TYPE = YES_ERROR;
				GCC_WARN_UNDECLARED_SELECTOR = YES;
				GCC_WARN_UNINITIALIZED_AUTOS = YES_AGGRESSIVE;
				GCC_WARN_UNUSED_FUNCTION = YES;
				GCC_WARN_UNUSED_VARIABLE = YES;
				IPHONEOS_DEPLOYMENT_TARGET = 16.2;
				MTL_ENABLE_DEBUG_INFO = NO;
				MTL_FAST_MATH = YES;
				SDKROOT = iphoneos;
				SWIFT_COMPILATION_MODE = wholemodule;
				SWIFT_OPTIMIZATION_LEVEL = "-O";
				VALIDATE_PRODUCT = YES;
			};
			name = Release;
		};
		9F64180F2AED3CB1009C8C72 /* Debug */ = {
			isa = XCBuildConfiguration;
			buildSettings = {
				ASSETCATALOG_COMPILER_APPICON_NAME = AppIcon;
				ASSETCATALOG_COMPILER_GLOBAL_ACCENT_COLOR_NAME = AccentColor;
				CODE_SIGN_STYLE = Automatic;
				CURRENT_PROJECT_VERSION = 1;
				DEVELOPMENT_TEAM = P72UR4K32D;
				GENERATE_INFOPLIST_FILE = YES;
				INFOPLIST_FILE = todayMovie/Info.plist;
				INFOPLIST_KEY_UIApplicationSupportsIndirectInputEvents = YES;
				INFOPLIST_KEY_UILaunchStoryboardName = LaunchScreen;
				INFOPLIST_KEY_UIMainStoryboardFile = Main;
				INFOPLIST_KEY_UISupportedInterfaceOrientations_iPad = "UIInterfaceOrientationPortrait UIInterfaceOrientationPortraitUpsideDown UIInterfaceOrientationLandscapeLeft UIInterfaceOrientationLandscapeRight";
				INFOPLIST_KEY_UISupportedInterfaceOrientations_iPhone = "UIInterfaceOrientationPortrait UIInterfaceOrientationLandscapeLeft UIInterfaceOrientationLandscapeRight";
				LD_RUNPATH_SEARCH_PATHS = (
					"$(inherited)",
					"@executable_path/Frameworks",
				);
				MARKETING_VERSION = 1.0;
				PRODUCT_BUNDLE_IDENTIFIER = swift.todayMovie;
				PRODUCT_NAME = "$(TARGET_NAME)";
				SWIFT_EMIT_LOC_STRINGS = YES;
				SWIFT_VERSION = 5.0;
				TARGETED_DEVICE_FAMILY = "1,2";
			};
			name = Debug;
		};
		9F6418102AED3CB1009C8C72 /* Release */ = {
			isa = XCBuildConfiguration;
			buildSettings = {
				ASSETCATALOG_COMPILER_APPICON_NAME = AppIcon;
				ASSETCATALOG_COMPILER_GLOBAL_ACCENT_COLOR_NAME = AccentColor;
				CODE_SIGN_STYLE = Automatic;
				CURRENT_PROJECT_VERSION = 1;
				DEVELOPMENT_TEAM = P72UR4K32D;
				GENERATE_INFOPLIST_FILE = YES;
				INFOPLIST_FILE = todayMovie/Info.plist;
				INFOPLIST_KEY_UIApplicationSupportsIndirectInputEvents = YES;
				INFOPLIST_KEY_UILaunchStoryboardName = LaunchScreen;
				INFOPLIST_KEY_UIMainStoryboardFile = Main;
				INFOPLIST_KEY_UISupportedInterfaceOrientations_iPad = "UIInterfaceOrientationPortrait UIInterfaceOrientationPortraitUpsideDown UIInterfaceOrientationLandscapeLeft UIInterfaceOrientationLandscapeRight";
				INFOPLIST_KEY_UISupportedInterfaceOrientations_iPhone = "UIInterfaceOrientationPortrait UIInterfaceOrientationLandscapeLeft UIInterfaceOrientationLandscapeRight";
				LD_RUNPATH_SEARCH_PATHS = (
					"$(inherited)",
					"@executable_path/Frameworks",
				);
				MARKETING_VERSION = 1.0;
				PRODUCT_BUNDLE_IDENTIFIER = swift.todayMovie;
				PRODUCT_NAME = "$(TARGET_NAME)";
				SWIFT_EMIT_LOC_STRINGS = YES;
				SWIFT_VERSION = 5.0;
				TARGETED_DEVICE_FAMILY = "1,2";
			};
			name = Release;
		};
		9F6418122AED3CB1009C8C72 /* Debug */ = {
			isa = XCBuildConfiguration;
			buildSettings = {
				ALWAYS_EMBED_SWIFT_STANDARD_LIBRARIES = YES;
				BUNDLE_LOADER = "$(TEST_HOST)";
				CODE_SIGN_STYLE = Automatic;
				CURRENT_PROJECT_VERSION = 1;
				DEVELOPMENT_TEAM = P72UR4K32D;
				GENERATE_INFOPLIST_FILE = YES;
				IPHONEOS_DEPLOYMENT_TARGET = 16.2;
				MARKETING_VERSION = 1.0;
				PRODUCT_BUNDLE_IDENTIFIER = swift.todayMovieTests;
				PRODUCT_NAME = "$(TARGET_NAME)";
				SWIFT_EMIT_LOC_STRINGS = NO;
				SWIFT_VERSION = 5.0;
				TARGETED_DEVICE_FAMILY = "1,2";
				TEST_HOST = "$(BUILT_PRODUCTS_DIR)/todayMovie.app/$(BUNDLE_EXECUTABLE_FOLDER_PATH)/todayMovie";
			};
			name = Debug;
		};
		9F6418132AED3CB1009C8C72 /* Release */ = {
			isa = XCBuildConfiguration;
			buildSettings = {
				ALWAYS_EMBED_SWIFT_STANDARD_LIBRARIES = YES;
				BUNDLE_LOADER = "$(TEST_HOST)";
				CODE_SIGN_STYLE = Automatic;
				CURRENT_PROJECT_VERSION = 1;
				DEVELOPMENT_TEAM = P72UR4K32D;
				GENERATE_INFOPLIST_FILE = YES;
				IPHONEOS_DEPLOYMENT_TARGET = 16.2;
				MARKETING_VERSION = 1.0;
				PRODUCT_BUNDLE_IDENTIFIER = swift.todayMovieTests;
				PRODUCT_NAME = "$(TARGET_NAME)";
				SWIFT_EMIT_LOC_STRINGS = NO;
				SWIFT_VERSION = 5.0;
				TARGETED_DEVICE_FAMILY = "1,2";
				TEST_HOST = "$(BUILT_PRODUCTS_DIR)/todayMovie.app/$(BUNDLE_EXECUTABLE_FOLDER_PATH)/todayMovie";
			};
			name = Release;
		};
		9F6418152AED3CB1009C8C72 /* Debug */ = {
			isa = XCBuildConfiguration;
			buildSettings = {
				ALWAYS_EMBED_SWIFT_STANDARD_LIBRARIES = YES;
				CODE_SIGN_STYLE = Automatic;
				CURRENT_PROJECT_VERSION = 1;
				DEVELOPMENT_TEAM = P72UR4K32D;
				GENERATE_INFOPLIST_FILE = YES;
				MARKETING_VERSION = 1.0;
				PRODUCT_BUNDLE_IDENTIFIER = swift.todayMovieUITests;
				PRODUCT_NAME = "$(TARGET_NAME)";
				SWIFT_EMIT_LOC_STRINGS = NO;
				SWIFT_VERSION = 5.0;
				TARGETED_DEVICE_FAMILY = "1,2";
				TEST_TARGET_NAME = todayMovie;
			};
			name = Debug;
		};
		9F6418162AED3CB1009C8C72 /* Release */ = {
			isa = XCBuildConfiguration;
			buildSettings = {
				ALWAYS_EMBED_SWIFT_STANDARD_LIBRARIES = YES;
				CODE_SIGN_STYLE = Automatic;
				CURRENT_PROJECT_VERSION = 1;
				DEVELOPMENT_TEAM = P72UR4K32D;
				GENERATE_INFOPLIST_FILE = YES;
				MARKETING_VERSION = 1.0;
				PRODUCT_BUNDLE_IDENTIFIER = swift.todayMovieUITests;
				PRODUCT_NAME = "$(TARGET_NAME)";
				SWIFT_EMIT_LOC_STRINGS = NO;
				SWIFT_VERSION = 5.0;
				TARGETED_DEVICE_FAMILY = "1,2";
				TEST_TARGET_NAME = todayMovie;
			};
			name = Release;
		};
/* End XCBuildConfiguration section */

/* Begin XCConfigurationList section */
		9F6417DC2AED3CB0009C8C72 /* Build configuration list for PBXProject "todayMovie" */ = {
			isa = XCConfigurationList;
			buildConfigurations = (
				9F64180C2AED3CB1009C8C72 /* Debug */,
				9F64180D2AED3CB1009C8C72 /* Release */,
			);
			defaultConfigurationIsVisible = 0;
			defaultConfigurationName = Release;
		};
		9F64180E2AED3CB1009C8C72 /* Build configuration list for PBXNativeTarget "todayMovie" */ = {
			isa = XCConfigurationList;
			buildConfigurations = (
				9F64180F2AED3CB1009C8C72 /* Debug */,
				9F6418102AED3CB1009C8C72 /* Release */,
			);
			defaultConfigurationIsVisible = 0;
			defaultConfigurationName = Release;
		};
		9F6418112AED3CB1009C8C72 /* Build configuration list for PBXNativeTarget "todayMovieTests" */ = {
			isa = XCConfigurationList;
			buildConfigurations = (
				9F6418122AED3CB1009C8C72 /* Debug */,
				9F6418132AED3CB1009C8C72 /* Release */,
			);
			defaultConfigurationIsVisible = 0;
			defaultConfigurationName = Release;
		};
		9F6418142AED3CB1009C8C72 /* Build configuration list for PBXNativeTarget "todayMovieUITests" */ = {
			isa = XCConfigurationList;
			buildConfigurations = (
				9F6418152AED3CB1009C8C72 /* Debug */,
				9F6418162AED3CB1009C8C72 /* Release */,
			);
			defaultConfigurationIsVisible = 0;
			defaultConfigurationName = Release;
		};
/* End XCConfigurationList section */

/* Begin XCVersionGroup section */
		9F6417ED2AED3CB0009C8C72 /* todayMovie.xcdatamodeld */ = {
			isa = XCVersionGroup;
			children = (
				9F6417EE2AED3CB0009C8C72 /* todayMovie.xcdatamodel */,
			);
			currentVersion = 9F6417EE2AED3CB0009C8C72 /* todayMovie.xcdatamodel */;
			path = todayMovie.xcdatamodeld;
			sourceTree = "<group>";
			versionGroupType = wrapper.xcdatamodel;
		};
/* End XCVersionGroup section */
	};
	rootObject = 9F6417D92AED3CB0009C8C72 /* Project object */;
}
